// !$*UTF8*$!
{
	archiveVersion = 1;
	classes = {
	};
	objectVersion = 46;
	objects = {

/* Begin PBXBuildFile section */
		BF5A05101D1AFFF80043DB16 /* AppDelegate.swift in Sources */ = {isa = PBXBuildFile; fileRef = BF5A050F1D1AFFF80043DB16 /* AppDelegate.swift */; };
		BF5A05121D1AFFF80043DB16 /* ViewController.swift in Sources */ = {isa = PBXBuildFile; fileRef = BF5A05111D1AFFF80043DB16 /* ViewController.swift */; };
		BF5A05151D1AFFF80043DB16 /* Main.storyboard in Resources */ = {isa = PBXBuildFile; fileRef = BF5A05131D1AFFF80043DB16 /* Main.storyboard */; };
		BF5A05171D1AFFF80043DB16 /* Assets.xcassets in Resources */ = {isa = PBXBuildFile; fileRef = BF5A05161D1AFFF80043DB16 /* Assets.xcassets */; };
		BF5A051A1D1AFFF80043DB16 /* LaunchScreen.storyboard in Resources */ = {isa = PBXBuildFile; fileRef = BF5A05181D1AFFF80043DB16 /* LaunchScreen.storyboard */; };
		BF5A05251D1AFFF80043DB16 /* SuperCoolTests.swift in Sources */ = {isa = PBXBuildFile; fileRef = BF5A05241D1AFFF80043DB16 /* SuperCoolTests.swift */; };
		BF5A05301D1AFFF80043DB16 /* SuperCoolUITests.swift in Sources */ = {isa = PBXBuildFile; fileRef = BF5A052F1D1AFFF80043DB16 /* SuperCoolUITests.swift */; };
/* End PBXBuildFile section */

/* Begin PBXContainerItemProxy section */
		BF5A05211D1AFFF80043DB16 /* PBXContainerItemProxy */ = {
			isa = PBXContainerItemProxy;
			containerPortal = BF5A05041D1AFFF80043DB16 /* Project object */;
			proxyType = 1;
			remoteGlobalIDString = BF5A050B1D1AFFF80043DB16;
			remoteInfo = SuperCool;
		};
		BF5A052C1D1AFFF80043DB16 /* PBXContainerItemProxy */ = {
			isa = PBXContainerItemProxy;
			containerPortal = BF5A05041D1AFFF80043DB16 /* Project object */;
			proxyType = 1;
			remoteGlobalIDString = BF5A050B1D1AFFF80043DB16;
			remoteInfo = SuperCool;
		};
/* End PBXContainerItemProxy section */

/* Begin PBXFileReference section */
		BF5A050C1D1AFFF80043DB16 /* SuperCool.app */ = {isa = PBXFileReference; explicitFileType = wrapper.application; includeInIndex = 0; path = SuperCool.app; sourceTree = BUILT_PRODUCTS_DIR; };
		BF5A050F1D1AFFF80043DB16 /* AppDelegate.swift */ = {isa = PBXFileReference; lastKnownFileType = sourcecode.swift; path = AppDelegate.swift; sourceTree = "<group>"; };
		BF5A05111D1AFFF80043DB16 /* ViewController.swift */ = {isa = PBXFileReference; lastKnownFileType = sourcecode.swift; path = ViewController.swift; sourceTree = "<group>"; };
		BF5A05141D1AFFF80043DB16 /* Base */ = {isa = PBXFileReference; lastKnownFileType = file.storyboard; name = Base; path = Base.lproj/Main.storyboard; sourceTree = "<group>"; };
		BF5A05161D1AFFF80043DB16 /* Assets.xcassets */ = {isa = PBXFileReference; lastKnownFileType = folder.assetcatalog; path = Assets.xcassets; sourceTree = "<group>"; };
		BF5A05191D1AFFF80043DB16 /* Base */ = {isa = PBXFileReference; lastKnownFileType = file.storyboard; name = Base; path = Base.lproj/LaunchScreen.storyboard; sourceTree = "<group>"; };
		BF5A051B1D1AFFF80043DB16 /* Info.plist */ = {isa = PBXFileReference; lastKnownFileType = text.plist.xml; path = Info.plist; sourceTree = "<group>"; };
		BF5A05201D1AFFF80043DB16 /* SuperCoolTests.xctest */ = {isa = PBXFileReference; explicitFileType = wrapper.cfbundle; includeInIndex = 0; path = SuperCoolTests.xctest; sourceTree = BUILT_PRODUCTS_DIR; };
		BF5A05241D1AFFF80043DB16 /* SuperCoolTests.swift */ = {isa = PBXFileReference; lastKnownFileType = sourcecode.swift; path = SuperCoolTests.swift; sourceTree = "<group>"; };
		BF5A05261D1AFFF80043DB16 /* Info.plist */ = {isa = PBXFileReference; lastKnownFileType = text.plist.xml; path = Info.plist; sourceTree = "<group>"; };
		BF5A052B1D1AFFF80043DB16 /* SuperCoolUITests.xctest */ = {isa = PBXFileReference; explicitFileType = wrapper.cfbundle; includeInIndex = 0; path = SuperCoolUITests.xctest; sourceTree = BUILT_PRODUCTS_DIR; };
		BF5A052F1D1AFFF80043DB16 /* SuperCoolUITests.swift */ = {isa = PBXFileReference; lastKnownFileType = sourcecode.swift; path = SuperCoolUITests.swift; sourceTree = "<group>"; };
		BF5A05311D1AFFF80043DB16 /* Info.plist */ = {isa = PBXFileReference; lastKnownFileType = text.plist.xml; path = Info.plist; sourceTree = "<group>"; };
/* End PBXFileReference section */

/* Begin PBXFrameworksBuildPhase section */
		BF5A05091D1AFFF80043DB16 /* Frameworks */ = {
			isa = PBXFrameworksBuildPhase;
			buildActionMask = 2147483647;
			files = (
			);
			runOnlyForDeploymentPostprocessing = 0;
		};
		BF5A051D1D1AFFF80043DB16 /* Frameworks */ = {
			isa = PBXFrameworksBuildPhase;
			buildActionMask = 2147483647;
			files = (
			);
			runOnlyForDeploymentPostprocessing = 0;
		};
		BF5A05281D1AFFF80043DB16 /* Frameworks */ = {
			isa = PBXFrameworksBuildPhase;
			buildActionMask = 2147483647;
			files = (
			);
			runOnlyForDeploymentPostprocessing = 0;
		};
/* End PBXFrameworksBuildPhase section */

/* Begin PBXGroup section */
		BF5A05031D1AFFF80043DB16 = {
			isa = PBXGroup;
			children = (
				BF5A050E1D1AFFF80043DB16 /* SuperCool */,
				BF5A05231D1AFFF80043DB16 /* SuperCoolTests */,
				BF5A052E1D1AFFF80043DB16 /* SuperCoolUITests */,
				BF5A050D1D1AFFF80043DB16 /* Products */,
			);
			sourceTree = "<group>";
		};
		BF5A050D1D1AFFF80043DB16 /* Products */ = {
			isa = PBXGroup;
			children = (
				BF5A050C1D1AFFF80043DB16 /* SuperCool.app */,
				BF5A05201D1AFFF80043DB16 /* SuperCoolTests.xctest */,
				BF5A052B1D1AFFF80043DB16 /* SuperCoolUITests.xctest */,
			);
			name = Products;
			sourceTree = "<group>";
		};
		BF5A050E1D1AFFF80043DB16 /* SuperCool */ = {
			isa = PBXGroup;
			children = (
				BF5A050F1D1AFFF80043DB16 /* AppDelegate.swift */,
				BF5A05111D1AFFF80043DB16 /* ViewController.swift */,
				BF5A05131D1AFFF80043DB16 /* Main.storyboard */,
				BF5A05161D1AFFF80043DB16 /* Assets.xcassets */,
				BF5A05181D1AFFF80043DB16 /* LaunchScreen.storyboard */,
				BF5A051B1D1AFFF80043DB16 /* Info.plist */,
			);
			path = SuperCool;
			sourceTree = "<group>";
		};
		BF5A05231D1AFFF80043DB16 /* SuperCoolTests */ = {
			isa = PBXGroup;
			children = (
				BF5A05241D1AFFF80043DB16 /* SuperCoolTests.swift */,
				BF5A05261D1AFFF80043DB16 /* Info.plist */,
			);
			path = SuperCoolTests;
			sourceTree = "<group>";
		};
		BF5A052E1D1AFFF80043DB16 /* SuperCoolUITests */ = {
			isa = PBXGroup;
			children = (
				BF5A052F1D1AFFF80043DB16 /* SuperCoolUITests.swift */,
				BF5A05311D1AFFF80043DB16 /* Info.plist */,
			);
			path = SuperCoolUITests;
			sourceTree = "<group>";
		};
/* End PBXGroup section */

/* Begin PBXNativeTarget section */
		BF5A050B1D1AFFF80043DB16 /* SuperCool */ = {
			isa = PBXNativeTarget;
			buildConfigurationList = BF5A05341D1AFFF80043DB16 /* Build configuration list for PBXNativeTarget "SuperCool" */;
			buildPhases = (
				BF5A05081D1AFFF80043DB16 /* Sources */,
				BF5A05091D1AFFF80043DB16 /* Frameworks */,
				BF5A050A1D1AFFF80043DB16 /* Resources */,
			);
			buildRules = (
			);
			dependencies = (
			);
			name = SuperCool;
			productName = SuperCool;
			productReference = BF5A050C1D1AFFF80043DB16 /* SuperCool.app */;
			productType = "com.apple.product-type.application";
		};
		BF5A051F1D1AFFF80043DB16 /* SuperCoolTests */ = {
			isa = PBXNativeTarget;
			buildConfigurationList = BF5A05371D1AFFF80043DB16 /* Build configuration list for PBXNativeTarget "SuperCoolTests" */;
			buildPhases = (
				BF5A051C1D1AFFF80043DB16 /* Sources */,
				BF5A051D1D1AFFF80043DB16 /* Frameworks */,
				BF5A051E1D1AFFF80043DB16 /* Resources */,
			);
			buildRules = (
			);
			dependencies = (
				BF5A05221D1AFFF80043DB16 /* PBXTargetDependency */,
			);
			name = SuperCoolTests;
			productName = SuperCoolTests;
			productReference = BF5A05201D1AFFF80043DB16 /* SuperCoolTests.xctest */;
			productType = "com.apple.product-type.bundle.unit-test";
		};
		BF5A052A1D1AFFF80043DB16 /* SuperCoolUITests */ = {
			isa = PBXNativeTarget;
			buildConfigurationList = BF5A053A1D1AFFF80043DB16 /* Build configuration list for PBXNativeTarget "SuperCoolUITests" */;
			buildPhases = (
				BF5A05271D1AFFF80043DB16 /* Sources */,
				BF5A05281D1AFFF80043DB16 /* Frameworks */,
				BF5A05291D1AFFF80043DB16 /* Resources */,
			);
			buildRules = (
			);
			dependencies = (
				BF5A052D1D1AFFF80043DB16 /* PBXTargetDependency */,
			);
			name = SuperCoolUITests;
			productName = SuperCoolUITests;
			productReference = BF5A052B1D1AFFF80043DB16 /* SuperCoolUITests.xctest */;
			productType = "com.apple.product-type.bundle.ui-testing";
		};
/* End PBXNativeTarget section */

/* Begin PBXProject section */
		BF5A05041D1AFFF80043DB16 /* Project object */ = {
			isa = PBXProject;
			attributes = {
				LastSwiftUpdateCheck = 0730;
				LastUpgradeCheck = 0730;
				ORGANIZATIONNAME = School;
				TargetAttributes = {
					BF5A050B1D1AFFF80043DB16 = {
						CreatedOnToolsVersion = 7.3.1;
					};
					BF5A051F1D1AFFF80043DB16 = {
						CreatedOnToolsVersion = 7.3.1;
						TestTargetID = BF5A050B1D1AFFF80043DB16;
					};
					BF5A052A1D1AFFF80043DB16 = {
						CreatedOnToolsVersion = 7.3.1;
						TestTargetID = BF5A050B1D1AFFF80043DB16;
					};
				};
			};
			buildConfigurationList = BF5A05071D1AFFF80043DB16 /* Build configuration list for PBXProject "SuperCool" */;
			compatibilityVersion = "Xcode 3.2";
			developmentRegion = English;
			hasScannedForEncodings = 0;
			knownRegions = (
				en,
				Base,
			);
			mainGroup = BF5A05031D1AFFF80043DB16;
			productRefGroup = BF5A050D1D1AFFF80043DB16 /* Products */;
			projectDirPath = "";
			projectRoot = "";
			targets = (
				BF5A050B1D1AFFF80043DB16 /* SuperCool */,
				BF5A051F1D1AFFF80043DB16 /* SuperCoolTests */,
				BF5A052A1D1AFFF80043DB16 /* SuperCoolUITests */,
			);
		};
/* End PBXProject section */

/* Begin PBXResourcesBuildPhase section */
		BF5A050A1D1AFFF80043DB16 /* Resources */ = {
			isa = PBXResourcesBuildPhase;
			buildActionMask = 2147483647;
			files = (
				BF5A051A1D1AFFF80043DB16 /* LaunchScreen.storyboard in Resources */,
				BF5A05171D1AFFF80043DB16 /* Assets.xcassets in Resources */,
				BF5A05151D1AFFF80043DB16 /* Main.storyboard in Resources */,
			);
			runOnlyForDeploymentPostprocessing = 0;
		};
		BF5A051E1D1AFFF80043DB16 /* Resources */ = {
			isa = PBXResourcesBuildPhase;
			buildActionMask = 2147483647;
			files = (
			);
			runOnlyForDeploymentPostprocessing = 0;
		};
		BF5A05291D1AFFF80043DB16 /* Resources */ = {
			isa = PBXResourcesBuildPhase;
			buildActionMask = 2147483647;
			files = (
			);
			runOnlyForDeploymentPostprocessing = 0;
		};
/* End PBXResourcesBuildPhase section */

/* Begin PBXSourcesBuildPhase section */
		BF5A05081D1AFFF80043DB16 /* Sources */ = {
			isa = PBXSourcesBuildPhase;
			buildActionMask = 2147483647;
			files = (
				BF5A05121D1AFFF80043DB16 /* ViewController.swift in Sources */,
				BF5A05101D1AFFF80043DB16 /* AppDelegate.swift in Sources */,
			);
			runOnlyForDeploymentPostprocessing = 0;
		};
		BF5A051C1D1AFFF80043DB16 /* Sources */ = {
			isa = PBXSourcesBuildPhase;
			buildActionMask = 2147483647;
			files = (
				BF5A05251D1AFFF80043DB16 /* SuperCoolTests.swift in Sources */,
			);
			runOnlyForDeploymentPostprocessing = 0;
		};
		BF5A05271D1AFFF80043DB16 /* Sources */ = {
			isa = PBXSourcesBuildPhase;
			buildActionMask = 2147483647;
			files = (
				BF5A05301D1AFFF80043DB16 /* SuperCoolUITests.swift in Sources */,
			);
			runOnlyForDeploymentPostprocessing = 0;
		};
/* End PBXSourcesBuildPhase section */

/* Begin PBXTargetDependency section */
		BF5A05221D1AFFF80043DB16 /* PBXTargetDependency */ = {
			isa = PBXTargetDependency;
			target = BF5A050B1D1AFFF80043DB16 /* SuperCool */;
			targetProxy = BF5A05211D1AFFF80043DB16 /* PBXContainerItemProxy */;
		};
		BF5A052D1D1AFFF80043DB16 /* PBXTargetDependency */ = {
			isa = PBXTargetDependency;
			target = BF5A050B1D1AFFF80043DB16 /* SuperCool */;
			targetProxy = BF5A052C1D1AFFF80043DB16 /* PBXContainerItemProxy */;
		};
/* End PBXTargetDependency section */

/* Begin PBXVariantGroup section */
		BF5A05131D1AFFF80043DB16 /* Main.storyboard */ = {
			isa = PBXVariantGroup;
			children = (
				BF5A05141D1AFFF80043DB16 /* Base */,
			);
			name = Main.storyboard;
			sourceTree = "<group>";
		};
		BF5A05181D1AFFF80043DB16 /* LaunchScreen.storyboard */ = {
			isa = PBXVariantGroup;
			children = (
				BF5A05191D1AFFF80043DB16 /* Base */,
			);
			name = LaunchScreen.storyboard;
			sourceTree = "<group>";
		};
/* End PBXVariantGroup section */

/* Begin XCBuildConfiguration section */
		BF5A05321D1AFFF80043DB16 /* Debug */ = {
			isa = XCBuildConfiguration;
			buildSettings = {
				ALWAYS_SEARCH_USER_PATHS = NO;
				CLANG_ANALYZER_NONNULL = YES;
				CLANG_CXX_LANGUAGE_STANDARD = "gnu++0x";
				CLANG_CXX_LIBRARY = "libc++";
				CLANG_ENABLE_MODULES = YES;
				CLANG_ENABLE_OBJC_ARC = YES;
				CLANG_WARN_BOOL_CONVERSION = YES;
				CLANG_WARN_CONSTANT_CONVERSION = YES;
				CLANG_WARN_DIRECT_OBJC_ISA_USAGE = YES_ERROR;
				CLANG_WARN_EMPTY_BODY = YES;
				CLANG_WARN_ENUM_CONVERSION = YES;
				CLANG_WARN_INT_CONVERSION = YES;
				CLANG_WARN_OBJC_ROOT_CLASS = YES_ERROR;
				CLANG_WARN_UNREACHABLE_CODE = YES;
				CLANG_WARN__DUPLICATE_METHOD_MATCH = YES;
				"CODE_SIGN_IDENTITY[sdk=iphoneos*]" = "iPhone Developer";
				COPY_PHASE_STRIP = NO;
				DEBUG_INFORMATION_FORMAT = dwarf;
				ENABLE_STRICT_OBJC_MSGSEND = YES;
				ENABLE_TESTABILITY = YES;
				GCC_C_LANGUAGE_STANDARD = gnu99;
				GCC_DYNAMIC_NO_PIC = NO;
				GCC_NO_COMMON_BLOCKS = YES;
				GCC_OPTIMIZATION_LEVEL = 0;
				GCC_PREPROCESSOR_DEFINITIONS = (
					"DEBUG=1",
					"$(inherited)",
				);
				GCC_WARN_64_TO_32_BIT_CONVERSION = YES;
				GCC_WARN_ABOUT_RETURN_TYPE = YES_ERROR;
				GCC_WARN_UNDECLARED_SELECTOR = YES;
				GCC_WARN_UNINITIALIZED_AUTOS = YES_AGGRESSIVE;
				GCC_WARN_UNUSED_FUNCTION = YES;
				GCC_WARN_UNUSED_VARIABLE = YES;
				IPHONEOS_DEPLOYMENT_TARGET = 9.3;
				MTL_ENABLE_DEBUG_INFO = YES;
				ONLY_ACTIVE_ARCH = YES;
				SDKROOT = iphoneos;
				SWIFT_OPTIMIZATION_LEVEL = "-Onone";
			};
			name = Debug;
		};
		BF5A05331D1AFFF80043DB16 /* Release */ = {
			isa = XCBuildConfiguration;
			buildSettings = {
				ALWAYS_SEARCH_USER_PATHS = NO;
				CLANG_ANALYZER_NONNULL = YES;
				CLANG_CXX_LANGUAGE_STANDARD = "gnu++0x";
				CLANG_CXX_LIBRARY = "libc++";
				CLANG_ENABLE_MODULES = YES;
				CLANG_ENABLE_OBJC_ARC = YES;
				CLANG_WARN_BOOL_CONVERSION = YES;
				CLANG_WARN_CONSTANT_CONVERSION = YES;
				CLANG_WARN_DIRECT_OBJC_ISA_USAGE = YES_ERROR;
				CLANG_WARN_EMPTY_BODY = YES;
				CLANG_WARN_ENUM_CONVERSION = YES;
				CLANG_WARN_INT_CONVERSION = YES;
				CLANG_WARN_OBJC_ROOT_CLASS = YES_ERROR;
				CLANG_WARN_UNREACHABLE_CODE = YES;
				CLANG_WARN__DUPLICATE_METHOD_MATCH = YES;
				"CODE_SIGN_IDENTITY[sdk=iphoneos*]" = "iPhone Developer";
				COPY_PHASE_STRIP = NO;
				DEBUG_INFORMATION_FORMAT = "dwarf-with-dsym";
				ENABLE_NS_ASSERTIONS = NO;
				ENABLE_STRICT_OBJC_MSGSEND = YES;
				GCC_C_LANGUAGE_STANDARD = gnu99;
				GCC_NO_COMMON_BLOCKS = YES;
				GCC_WARN_64_TO_32_BIT_CONVERSION = YES;
				GCC_WARN_ABOUT_RETURN_TYPE = YES_ERROR;
				GCC_WARN_UNDECLARED_SELECTOR = YES;
				GCC_WARN_UNINITIALIZED_AUTOS = YES_AGGRESSIVE;
				GCC_WARN_UNUSED_FUNCTION = YES;
				GCC_WARN_UNUSED_VARIABLE = YES;
				IPHONEOS_DEPLOYMENT_TARGET = 9.3;
				MTL_ENABLE_DEBUG_INFO = NO;
				SDKROOT = iphoneos;
				VALIDATE_PRODUCT = YES;
			};
			name = Release;
		};
		BF5A05351D1AFFF80043DB16 /* Debug */ = {
			isa = XCBuildConfiguration;
			buildSettings = {
				ASSETCATALOG_COMPILER_APPICON_NAME = AppIcon;
				INFOPLIST_FILE = SuperCool/Info.plist;
				LD_RUNPATH_SEARCH_PATHS = "$(inherited) @executable_path/Frameworks";
				PRODUCT_BUNDLE_IDENTIFIER = PC.SuperCool;
				PRODUCT_NAME = "$(TARGET_NAME)";
			};
			name = Debug;
		};
		BF5A05361D1AFFF80043DB16 /* Release */ = {
			isa = XCBuildConfiguration;
			buildSettings = {
				ASSETCATALOG_COMPILER_APPICON_NAME = AppIcon;
				INFOPLIST_FILE = SuperCool/Info.plist;
				LD_RUNPATH_SEARCH_PATHS = "$(inherited) @executable_path/Frameworks";
				PRODUCT_BUNDLE_IDENTIFIER = PC.SuperCool;
				PRODUCT_NAME = "$(TARGET_NAME)";
			};
			name = Release;
		};
		BF5A05381D1AFFF80043DB16 /* Debug */ = {
			isa = XCBuildConfiguration;
			buildSettings = {
				BUNDLE_LOADER = "$(TEST_HOST)";
				INFOPLIST_FILE = SuperCoolTests/Info.plist;
				LD_RUNPATH_SEARCH_PATHS = "$(inherited) @executable_path/Frameworks @loader_path/Frameworks";
				PRODUCT_BUNDLE_IDENTIFIER = PC.SuperCoolTests;
				PRODUCT_NAME = "$(TARGET_NAME)";
				TEST_HOST = "$(BUILT_PRODUCTS_DIR)/SuperCool.app/SuperCool";
			};
			name = Debug;
		};
		BF5A05391D1AFFF80043DB16 /* Release */ = {
			isa = XCBuildConfiguration;
			buildSettings = {
				BUNDLE_LOADER = "$(TEST_HOST)";
				INFOPLIST_FILE = SuperCoolTests/Info.plist;
				LD_RUNPATH_SEARCH_PATHS = "$(inherited) @executable_path/Frameworks @loader_path/Frameworks";
				PRODUCT_BUNDLE_IDENTIFIER = PC.SuperCoolTests;
				PRODUCT_NAME = "$(TARGET_NAME)";
				TEST_HOST = "$(BUILT_PRODUCTS_DIR)/SuperCool.app/SuperCool";
			};
			name = Release;
		};
		BF5A053B1D1AFFF80043DB16 /* Debug */ = {
			isa = XCBuildConfiguration;
			buildSettings = {
				INFOPLIST_FILE = SuperCoolUITests/Info.plist;
				LD_RUNPATH_SEARCH_PATHS = "$(inherited) @executable_path/Frameworks @loader_path/Frameworks";
				PRODUCT_BUNDLE_IDENTIFIER = PC.SuperCoolUITests;
				PRODUCT_NAME = "$(TARGET_NAME)";
				TEST_TARGET_NAME = SuperCool;
			};
			name = Debug;
		};
		BF5A053C1D1AFFF80043DB16 /* Release */ = {
			isa = XCBuildConfiguration;
			buildSettings = {
				INFOPLIST_FILE = SuperCoolUITests/Info.plist;
				LD_RUNPATH_SEARCH_PATHS = "$(inherited) @executable_path/Frameworks @loader_path/Frameworks";
				PRODUCT_BUNDLE_IDENTIFIER = PC.SuperCoolUITests;
				PRODUCT_NAME = "$(TARGET_NAME)";
				TEST_TARGET_NAME = SuperCool;
			};
			name = Release;
		};
/* End XCBuildConfiguration section */

/* Begin XCConfigurationList section */
		BF5A05071D1AFFF80043DB16 /* Build configuration list for PBXProject "SuperCool" */ = {
			isa = XCConfigurationList;
			buildConfigurations = (
				BF5A05321D1AFFF80043DB16 /* Debug */,
				BF5A05331D1AFFF80043DB16 /* Release */,
			);
			defaultConfigurationIsVisible = 0;
			defaultConfigurationName = Release;
		};
		BF5A05341D1AFFF80043DB16 /* Build configuration list for PBXNativeTarget "SuperCool" */ = {
			isa = XCConfigurationList;
			buildConfigurations = (
				BF5A05351D1AFFF80043DB16 /* Debug */,
				BF5A05361D1AFFF80043DB16 /* Release */,
			);
			defaultConfigurationIsVisible = 0;
		};
		BF5A05371D1AFFF80043DB16 /* Build configuration list for PBXNativeTarget "SuperCoolTests" */ = {
			isa = XCConfigurationList;
			buildConfigurations = (
				BF5A05381D1AFFF80043DB16 /* Debug */,
				BF5A05391D1AFFF80043DB16 /* Release */,
			);
			defaultConfigurationIsVisible = 0;
		};
		BF5A053A1D1AFFF80043DB16 /* Build configuration list for PBXNativeTarget "SuperCoolUITests" */ = {
			isa = XCConfigurationList;
			buildConfigurations = (
				BF5A053B1D1AFFF80043DB16 /* Debug */,
				BF5A053C1D1AFFF80043DB16 /* Release */,
			);
			defaultConfigurationIsVisible = 0;
		};
/* End XCConfigurationList section */
	};
	rootObject = BF5A05041D1AFFF80043DB16 /* Project object */;
}
